
Microsoft Visual Studio Solution File, Format Version 12.00
# Visual Studio Version 16
VisualStudioVersion = 16.0.29519.181
MinimumVisualStudioVersion = 10.0.40219.1
Project("{9A19103F-16F7-4668-BE54-9A1E7A4F7556}") = "FirstAppMVC", "FirstAppMVC.csproj", "{A90C134D-E996-41F8-9767-6F67F44B1C7E}"
EndProject
Project("{FAE04EC0-301F-11D3-BF4B-00C04F79EFBC}") = "FirstAppMVC.DAL", "..\FirstAppMVC.DAL\FirstAppMVC.DAL.csproj", "{4E5CC3A4-421F-4CDD-8F31-414180D559A8}"
EndProject
Global
	GlobalSection(SolutionConfigurationPlatforms) = preSolution
		Debug|Any CPU = Debug|Any CPU
		Release|Any CPU = Release|Any CPU
	EndGlobalSection
	GlobalSection(ProjectConfigurationPlatforms) = postSolution
		{A90C134D-E996-41F8-9767-6F67F44B1C7E}.Debug|Any CPU.ActiveCfg = Debug|Any CPU
		{A90C134D-E996-41F8-9767-6F67F44B1C7E}.Debug|Any CPU.Build.0 = Debug|Any CPU
		{A90C134D-E996-41F8-9767-6F67F44B1C7E}.Release|Any CPU.ActiveCfg = Release|Any CPU
		{A90C134D-E996-41F8-9767-6F67F44B1C7E}.Release|Any CPU.Build.0 = Release|Any CPU
		{4E5CC3A4-421F-4CDD-8F31-414180D559A8}.Debug|Any CPU.ActiveCfg = Debug|Any CPU
		{4E5CC3A4-421F-4CDD-8F31-414180D559A8}.Debug|Any CPU.Build.0 = Debug|Any CPU
		{4E5CC3A4-421F-4CDD-8F31-414180D559A8}.Release|Any CPU.ActiveCfg = Release|Any CPU
		{4E5CC3A4-421F-4CDD-8F31-414180D559A8}.Release|Any CPU.Build.0 = Release|Any CPU
	EndGlobalSection
	GlobalSection(SolutionProperties) = preSolution
		HideSolutionNode = FALSE
	EndGlobalSection
	GlobalSection(ExtensibilityGlobals) = postSolution
		SolutionGuid = {4ACF3FDE-AEF3-468A-AB38-58AFCEAFB128}
	EndGlobalSection
EndGlobal
